# This file is automatically @generated by Cargo.
# It is not intended for manual editing.
version = 4

[[package]]
name = "aocl"
version = "1.0.0"
dependencies = [
 "vvm",
]

[[package]]
name = "vvm"
version = "1.0.0"
source = "git+https://github.com/vcokltfre/vvm#87841fde634e2ce3c5b32d9fad51453a2ab9affb"
